// !$*UTF8*$!
{
	archiveVersion = 1;
	classes = {
	};
	objectVersion = 46;
	objects = {

/* Begin PBXBuildFile section */
		CE735ACA1CABC83C00571088 /* AppDelegate.swift in Sources */ = {isa = PBXBuildFile; fileRef = CE735AC91CABC83C00571088 /* AppDelegate.swift */; };
		CE735ACC1CABC83C00571088 /* ViewController.swift in Sources */ = {isa = PBXBuildFile; fileRef = CE735ACB1CABC83C00571088 /* ViewController.swift */; };
		CE735ACF1CABC83C00571088 /* Main.storyboard in Resources */ = {isa = PBXBuildFile; fileRef = CE735ACD1CABC83C00571088 /* Main.storyboard */; };
		CE735AD11CABC83C00571088 /* Assets.xcassets in Resources */ = {isa = PBXBuildFile; fileRef = CE735AD01CABC83C00571088 /* Assets.xcassets */; };
		CE735AD41CABC83C00571088 /* LaunchScreen.storyboard in Resources */ = {isa = PBXBuildFile; fileRef = CE735AD21CABC83C00571088 /* LaunchScreen.storyboard */; };
		CE735ADF1CABC83D00571088 /* BartimaeusTests.swift in Sources */ = {isa = PBXBuildFile; fileRef = CE735ADE1CABC83D00571088 /* BartimaeusTests.swift */; };
		CE735AEA1CABC83D00571088 /* BartimaeusUITests.swift in Sources */ = {isa = PBXBuildFile; fileRef = CE735AE91CABC83D00571088 /* BartimaeusUITests.swift */; };
/* End PBXBuildFile section */

/* Begin PBXContainerItemProxy section */
		CE735ADB1CABC83D00571088 /* PBXContainerItemProxy */ = {
			isa = PBXContainerItemProxy;
			containerPortal = CE735ABE1CABC83C00571088 /* Project object */;
			proxyType = 1;
			remoteGlobalIDString = CE735AC51CABC83C00571088;
			remoteInfo = Bartimaeus;
		};
		CE735AE61CABC83D00571088 /* PBXContainerItemProxy */ = {
			isa = PBXContainerItemProxy;
			containerPortal = CE735ABE1CABC83C00571088 /* Project object */;
			proxyType = 1;
			remoteGlobalIDString = CE735AC51CABC83C00571088;
			remoteInfo = Bartimaeus;
		};
/* End PBXContainerItemProxy section */

/* Begin PBXFileReference section */
		CE735AC61CABC83C00571088 /* Bartimaeus.app */ = {isa = PBXFileReference; explicitFileType = wrapper.application; includeInIndex = 0; path = Bartimaeus.app; sourceTree = BUILT_PRODUCTS_DIR; };
		CE735AC91CABC83C00571088 /* AppDelegate.swift */ = {isa = PBXFileReference; lastKnownFileType = sourcecode.swift; path = AppDelegate.swift; sourceTree = "<group>"; };
		CE735ACB1CABC83C00571088 /* ViewController.swift */ = {isa = PBXFileReference; lastKnownFileType = sourcecode.swift; path = ViewController.swift; sourceTree = "<group>"; };
		CE735ACE1CABC83C00571088 /* Base */ = {isa = PBXFileReference; lastKnownFileType = file.storyboard; name = Base; path = Base.lproj/Main.storyboard; sourceTree = "<group>"; };
		CE735AD01CABC83C00571088 /* Assets.xcassets */ = {isa = PBXFileReference; lastKnownFileType = folder.assetcatalog; path = Assets.xcassets; sourceTree = "<group>"; };
		CE735AD31CABC83C00571088 /* Base */ = {isa = PBXFileReference; lastKnownFileType = file.storyboard; name = Base; path = Base.lproj/LaunchScreen.storyboard; sourceTree = "<group>"; };
		CE735AD51CABC83C00571088 /* Info.plist */ = {isa = PBXFileReference; lastKnownFileType = text.plist.xml; path = Info.plist; sourceTree = "<group>"; };
		CE735ADA1CABC83D00571088 /* BartimaeusTests.xctest */ = {isa = PBXFileReference; explicitFileType = wrapper.cfbundle; includeInIndex = 0; path = BartimaeusTests.xctest; sourceTree = BUILT_PRODUCTS_DIR; };
		CE735ADE1CABC83D00571088 /* BartimaeusTests.swift */ = {isa = PBXFileReference; lastKnownFileType = sourcecode.swift; path = BartimaeusTests.swift; sourceTree = "<group>"; };
		CE735AE01CABC83D00571088 /* Info.plist */ = {isa = PBXFileReference; lastKnownFileType = text.plist.xml; path = Info.plist; sourceTree = "<group>"; };
		CE735AE51CABC83D00571088 /* BartimaeusUITests.xctest */ = {isa = PBXFileReference; explicitFileType = wrapper.cfbundle; includeInIndex = 0; path = BartimaeusUITests.xctest; sourceTree = BUILT_PRODUCTS_DIR; };
		CE735AE91CABC83D00571088 /* BartimaeusUITests.swift */ = {isa = PBXFileReference; lastKnownFileType = sourcecode.swift; path = BartimaeusUITests.swift; sourceTree = "<group>"; };
		CE735AEB1CABC83D00571088 /* Info.plist */ = {isa = PBXFileReference; lastKnownFileType = text.plist.xml; path = Info.plist; sourceTree = "<group>"; };
/* End PBXFileReference section */

/* Begin PBXFrameworksBuildPhase section */
		CE735AC31CABC83C00571088 /* Frameworks */ = {
			isa = PBXFrameworksBuildPhase;
			buildActionMask = 2147483647;
			files = (
			);
			runOnlyForDeploymentPostprocessing = 0;
		};
		CE735AD71CABC83D00571088 /* Frameworks */ = {
			isa = PBXFrameworksBuildPhase;
			buildActionMask = 2147483647;
			files = (
			);
			runOnlyForDeploymentPostprocessing = 0;
		};
		CE735AE21CABC83D00571088 /* Frameworks */ = {
			isa = PBXFrameworksBuildPhase;
			buildActionMask = 2147483647;
			files = (
			);
			runOnlyForDeploymentPostprocessing = 0;
		};
/* End PBXFrameworksBuildPhase section */

/* Begin PBXGroup section */
		CE735ABD1CABC83C00571088 = {
			isa = PBXGroup;
			children = (
				CE735AC81CABC83C00571088 /* Bartimaeus */,
				CE735ADD1CABC83D00571088 /* BartimaeusTests */,
				CE735AE81CABC83D00571088 /* BartimaeusUITests */,
				CE735AC71CABC83C00571088 /* Products */,
			);
			sourceTree = "<group>";
		};
		CE735AC71CABC83C00571088 /* Products */ = {
			isa = PBXGroup;
			children = (
				CE735AC61CABC83C00571088 /* Bartimaeus.app */,
				CE735ADA1CABC83D00571088 /* BartimaeusTests.xctest */,
				CE735AE51CABC83D00571088 /* BartimaeusUITests.xctest */,
			);
			name = Products;
			sourceTree = "<group>";
		};
		CE735AC81CABC83C00571088 /* Bartimaeus */ = {
			isa = PBXGroup;
			children = (
				CE735AC91CABC83C00571088 /* AppDelegate.swift */,
				CE735ACB1CABC83C00571088 /* ViewController.swift */,
				CE735ACD1CABC83C00571088 /* Main.storyboard */,
				CE735AD01CABC83C00571088 /* Assets.xcassets */,
				CE735AD21CABC83C00571088 /* LaunchScreen.storyboard */,
				CE735AD51CABC83C00571088 /* Info.plist */,
			);
			path = Bartimaeus;
			sourceTree = "<group>";
		};
		CE735ADD1CABC83D00571088 /* BartimaeusTests */ = {
			isa = PBXGroup;
			children = (
				CE735ADE1CABC83D00571088 /* BartimaeusTests.swift */,
				CE735AE01CABC83D00571088 /* Info.plist */,
			);
			path = BartimaeusTests;
			sourceTree = "<group>";
		};
		CE735AE81CABC83D00571088 /* BartimaeusUITests */ = {
			isa = PBXGroup;
			children = (
				CE735AE91CABC83D00571088 /* BartimaeusUITests.swift */,
				CE735AEB1CABC83D00571088 /* Info.plist */,
			);
			path = BartimaeusUITests;
			sourceTree = "<group>";
		};
/* End PBXGroup section */

/* Begin PBXNativeTarget section */
		CE735AC51CABC83C00571088 /* Bartimaeus */ = {
			isa = PBXNativeTarget;
			buildConfigurationList = CE735AEE1CABC83D00571088 /* Build configuration list for PBXNativeTarget "Bartimaeus" */;
			buildPhases = (
				CE735AC21CABC83C00571088 /* Sources */,
				CE735AC31CABC83C00571088 /* Frameworks */,
				CE735AC41CABC83C00571088 /* Resources */,
			);
			buildRules = (
			);
			dependencies = (
			);
			name = Bartimaeus;
			productName = Bartimaeus;
			productReference = CE735AC61CABC83C00571088 /* Bartimaeus.app */;
			productType = "com.apple.product-type.application";
		};
		CE735AD91CABC83D00571088 /* BartimaeusTests */ = {
			isa = PBXNativeTarget;
			buildConfigurationList = CE735AF11CABC83D00571088 /* Build configuration list for PBXNativeTarget "BartimaeusTests" */;
			buildPhases = (
				CE735AD61CABC83D00571088 /* Sources */,
				CE735AD71CABC83D00571088 /* Frameworks */,
				CE735AD81CABC83D00571088 /* Resources */,
			);
			buildRules = (
			);
			dependencies = (
				CE735ADC1CABC83D00571088 /* PBXTargetDependency */,
			);
			name = BartimaeusTests;
			productName = BartimaeusTests;
			productReference = CE735ADA1CABC83D00571088 /* BartimaeusTests.xctest */;
			productType = "com.apple.product-type.bundle.unit-test";
		};
		CE735AE41CABC83D00571088 /* BartimaeusUITests */ = {
			isa = PBXNativeTarget;
			buildConfigurationList = CE735AF41CABC83D00571088 /* Build configuration list for PBXNativeTarget "BartimaeusUITests" */;
			buildPhases = (
				CE735AE11CABC83D00571088 /* Sources */,
				CE735AE21CABC83D00571088 /* Frameworks */,
				CE735AE31CABC83D00571088 /* Resources */,
			);
			buildRules = (
			);
			dependencies = (
				CE735AE71CABC83D00571088 /* PBXTargetDependency */,
			);
			name = BartimaeusUITests;
			productName = BartimaeusUITests;
			productReference = CE735AE51CABC83D00571088 /* BartimaeusUITests.xctest */;
			productType = "com.apple.product-type.bundle.ui-testing";
		};
/* End PBXNativeTarget section */

/* Begin PBXProject section */
		CE735ABE1CABC83C00571088 /* Project object */ = {
			isa = PBXProject;
			attributes = {
				LastSwiftUpdateCheck = 0730;
				LastUpgradeCheck = 0730;
				ORGANIZATIONNAME = user;
				TargetAttributes = {
					CE735AC51CABC83C00571088 = {
						CreatedOnToolsVersion = 7.3;
					};
					CE735AD91CABC83D00571088 = {
						CreatedOnToolsVersion = 7.3;
						TestTargetID = CE735AC51CABC83C00571088;
					};
					CE735AE41CABC83D00571088 = {
						CreatedOnToolsVersion = 7.3;
						TestTargetID = CE735AC51CABC83C00571088;
					};
				};
			};
			buildConfigurationList = CE735AC11CABC83C00571088 /* Build configuration list for PBXProject "Bartimaeus" */;
			compatibilityVersion = "Xcode 3.2";
			developmentRegion = English;
			hasScannedForEncodings = 0;
			knownRegions = (
				en,
				Base,
			);
			mainGroup = CE735ABD1CABC83C00571088;
			productRefGroup = CE735AC71CABC83C00571088 /* Products */;
			projectDirPath = "";
			projectRoot = "";
			targets = (
				CE735AC51CABC83C00571088 /* Bartimaeus */,
				CE735AD91CABC83D00571088 /* BartimaeusTests */,
				CE735AE41CABC83D00571088 /* BartimaeusUITests */,
			);
		};
/* End PBXProject section */

/* Begin PBXResourcesBuildPhase section */
		CE735AC41CABC83C00571088 /* Resources */ = {
			isa = PBXResourcesBuildPhase;
			buildActionMask = 2147483647;
			files = (
				CE735AD41CABC83C00571088 /* LaunchScreen.storyboard in Resources */,
				CE735AD11CABC83C00571088 /* Assets.xcassets in Resources */,
				CE735ACF1CABC83C00571088 /* Main.storyboard in Resources */,
			);
			runOnlyForDeploymentPostprocessing = 0;
		};
		CE735AD81CABC83D00571088 /* Resources */ = {
			isa = PBXResourcesBuildPhase;
			buildActionMask = 2147483647;
			files = (
			);
			runOnlyForDeploymentPostprocessing = 0;
		};
		CE735AE31CABC83D00571088 /* Resources */ = {
			isa = PBXResourcesBuildPhase;
			buildActionMask = 2147483647;
			files = (
			);
			runOnlyForDeploymentPostprocessing = 0;
		};
/* End PBXResourcesBuildPhase section */

/* Begin PBXSourcesBuildPhase section */
		CE735AC21CABC83C00571088 /* Sources */ = {
			isa = PBXSourcesBuildPhase;
			buildActionMask = 2147483647;
			files = (
				CE735ACC1CABC83C00571088 /* ViewController.swift in Sources */,
				CE735ACA1CABC83C00571088 /* AppDelegate.swift in Sources */,
			);
			runOnlyForDeploymentPostprocessing = 0;
		};
		CE735AD61CABC83D00571088 /* Sources */ = {
			isa = PBXSourcesBuildPhase;
			buildActionMask = 2147483647;
			files = (
				CE735ADF1CABC83D00571088 /* BartimaeusTests.swift in Sources */,
			);
			runOnlyForDeploymentPostprocessing = 0;
		};
		CE735AE11CABC83D00571088 /* Sources */ = {
			isa = PBXSourcesBuildPhase;
			buildActionMask = 2147483647;
			files = (
				CE735AEA1CABC83D00571088 /* BartimaeusUITests.swift in Sources */,
			);
			runOnlyForDeploymentPostprocessing = 0;
		};
/* End PBXSourcesBuildPhase section */

/* Begin PBXTargetDependency section */
		CE735ADC1CABC83D00571088 /* PBXTargetDependency */ = {
			isa = PBXTargetDependency;
			target = CE735AC51CABC83C00571088 /* Bartimaeus */;
			targetProxy = CE735ADB1CABC83D00571088 /* PBXContainerItemProxy */;
		};
		CE735AE71CABC83D00571088 /* PBXTargetDependency */ = {
			isa = PBXTargetDependency;
			target = CE735AC51CABC83C00571088 /* Bartimaeus */;
			targetProxy = CE735AE61CABC83D00571088 /* PBXContainerItemProxy */;
		};
/* End PBXTargetDependency section */

/* Begin PBXVariantGroup section */
		CE735ACD1CABC83C00571088 /* Main.storyboard */ = {
			isa = PBXVariantGroup;
			children = (
				CE735ACE1CABC83C00571088 /* Base */,
			);
			name = Main.storyboard;
			sourceTree = "<group>";
		};
		CE735AD21CABC83C00571088 /* LaunchScreen.storyboard */ = {
			isa = PBXVariantGroup;
			children = (
				CE735AD31CABC83C00571088 /* Base */,
			);
			name = LaunchScreen.storyboard;
			sourceTree = "<group>";
		};
/* End PBXVariantGroup section */

/* Begin XCBuildConfiguration section */
		CE735AEC1CABC83D00571088 /* Debug */ = {
			isa = XCBuildConfiguration;
			buildSettings = {
				ALWAYS_SEARCH_USER_PATHS = NO;
				CLANG_ANALYZER_NONNULL = YES;
				CLANG_CXX_LANGUAGE_STANDARD = "gnu++0x";
				CLANG_CXX_LIBRARY = "libc++";
				CLANG_ENABLE_MODULES = YES;
				CLANG_ENABLE_OBJC_ARC = YES;
				CLANG_WARN_BOOL_CONVERSION = YES;
				CLANG_WARN_CONSTANT_CONVERSION = YES;
				CLANG_WARN_DIRECT_OBJC_ISA_USAGE = YES_ERROR;
				CLANG_WARN_EMPTY_BODY = YES;
				CLANG_WARN_ENUM_CONVERSION = YES;
				CLANG_WARN_INT_CONVERSION = YES;
				CLANG_WARN_OBJC_ROOT_CLASS = YES_ERROR;
				CLANG_WARN_UNREACHABLE_CODE = YES;
				CLANG_WARN__DUPLICATE_METHOD_MATCH = YES;
				"CODE_SIGN_IDENTITY[sdk=iphoneos*]" = "iPhone Developer";
				COPY_PHASE_STRIP = NO;
				DEBUG_INFORMATION_FORMAT = dwarf;
				ENABLE_STRICT_OBJC_MSGSEND = YES;
				ENABLE_TESTABILITY = YES;
				GCC_C_LANGUAGE_STANDARD = gnu99;
				GCC_DYNAMIC_NO_PIC = NO;
				GCC_NO_COMMON_BLOCKS = YES;
				GCC_OPTIMIZATION_LEVEL = 0;
				GCC_PREPROCESSOR_DEFINITIONS = (
					"DEBUG=1",
					"$(inherited)",
				);
				GCC_WARN_64_TO_32_BIT_CONVERSION = YES;
				GCC_WARN_ABOUT_RETURN_TYPE = YES_ERROR;
				GCC_WARN_UNDECLARED_SELECTOR = YES;
				GCC_WARN_UNINITIALIZED_AUTOS = YES_AGGRESSIVE;
				GCC_WARN_UNUSED_FUNCTION = YES;
				GCC_WARN_UNUSED_VARIABLE = YES;
				IPHONEOS_DEPLOYMENT_TARGET = 9.3;
				MTL_ENABLE_DEBUG_INFO = YES;
				ONLY_ACTIVE_ARCH = YES;
				SDKROOT = iphoneos;
				SWIFT_OPTIMIZATION_LEVEL = "-Onone";
				TARGETED_DEVICE_FAMILY = "1,2";
			};
			name = Debug;
		};
		CE735AED1CABC83D00571088 /* Release */ = {
			isa = XCBuildConfiguration;
			buildSettings = {
				ALWAYS_SEARCH_USER_PATHS = NO;
				CLANG_ANALYZER_NONNULL = YES;
				CLANG_CXX_LANGUAGE_STANDARD = "gnu++0x";
				CLANG_CXX_LIBRARY = "libc++";
				CLANG_ENABLE_MODULES = YES;
				CLANG_ENABLE_OBJC_ARC = YES;
				CLANG_WARN_BOOL_CONVERSION = YES;
				CLANG_WARN_CONSTANT_CONVERSION = YES;
				CLANG_WARN_DIRECT_OBJC_ISA_USAGE = YES_ERROR;
				CLANG_WARN_EMPTY_BODY = YES;
				CLANG_WARN_ENUM_CONVERSION = YES;
				CLANG_WARN_INT_CONVERSION = YES;
				CLANG_WARN_OBJC_ROOT_CLASS = YES_ERROR;
				CLANG_WARN_UNREACHABLE_CODE = YES;
				CLANG_WARN__DUPLICATE_METHOD_MATCH = YES;
				"CODE_SIGN_IDENTITY[sdk=iphoneos*]" = "iPhone Developer";
				COPY_PHASE_STRIP = NO;
				DEBUG_INFORMATION_FORMAT = "dwarf-with-dsym";
				ENABLE_NS_ASSERTIONS = NO;
				ENABLE_STRICT_OBJC_MSGSEND = YES;
				GCC_C_LANGUAGE_STANDARD = gnu99;
				GCC_NO_COMMON_BLOCKS = YES;
				GCC_WARN_64_TO_32_BIT_CONVERSION = YES;
				GCC_WARN_ABOUT_RETURN_TYPE = YES_ERROR;
				GCC_WARN_UNDECLARED_SELECTOR = YES;
				GCC_WARN_UNINITIALIZED_AUTOS = YES_AGGRESSIVE;
				GCC_WARN_UNUSED_FUNCTION = YES;
				GCC_WARN_UNUSED_VARIABLE = YES;
				IPHONEOS_DEPLOYMENT_TARGET = 9.3;
				MTL_ENABLE_DEBUG_INFO = NO;
				SDKROOT = iphoneos;
				TARGETED_DEVICE_FAMILY = "1,2";
				VALIDATE_PRODUCT = YES;
			};
			name = Release;
		};
		CE735AEF1CABC83D00571088 /* Debug */ = {
			isa = XCBuildConfiguration;
			buildSettings = {
				ASSETCATALOG_COMPILER_APPICON_NAME = AppIcon;
				INFOPLIST_FILE = Bartimaeus/Info.plist;
				LD_RUNPATH_SEARCH_PATHS = "$(inherited) @executable_path/Frameworks";
				PRODUCT_BUNDLE_IDENTIFIER = com.owl.Bartimaeus.Bartimaeus;
				PRODUCT_NAME = "$(TARGET_NAME)";
			};
			name = Debug;
		};
		CE735AF01CABC83D00571088 /* Release */ = {
			isa = XCBuildConfiguration;
			buildSettings = {
				ASSETCATALOG_COMPILER_APPICON_NAME = AppIcon;
				INFOPLIST_FILE = Bartimaeus/Info.plist;
				LD_RUNPATH_SEARCH_PATHS = "$(inherited) @executable_path/Frameworks";
				PRODUCT_BUNDLE_IDENTIFIER = com.owl.Bartimaeus.Bartimaeus;
				PRODUCT_NAME = "$(TARGET_NAME)";
			};
			name = Release;
		};
		CE735AF21CABC83D00571088 /* Debug */ = {
			isa = XCBuildConfiguration;
			buildSettings = {
				BUNDLE_LOADER = "$(TEST_HOST)";
				INFOPLIST_FILE = BartimaeusTests/Info.plist;
				LD_RUNPATH_SEARCH_PATHS = "$(inherited) @executable_path/Frameworks @loader_path/Frameworks";
				PRODUCT_BUNDLE_IDENTIFIER = com.owl.Bartimaeus.BartimaeusTests;
				PRODUCT_NAME = "$(TARGET_NAME)";
				TEST_HOST = "$(BUILT_PRODUCTS_DIR)/Bartimaeus.app/Bartimaeus";
			};
			name = Debug;
		};
		CE735AF31CABC83D00571088 /* Release */ = {
			isa = XCBuildConfiguration;
			buildSettings = {
				BUNDLE_LOADER = "$(TEST_HOST)";
				INFOPLIST_FILE = BartimaeusTests/Info.plist;
				LD_RUNPATH_SEARCH_PATHS = "$(inherited) @executable_path/Frameworks @loader_path/Frameworks";
				PRODUCT_BUNDLE_IDENTIFIER = com.owl.Bartimaeus.BartimaeusTests;
				PRODUCT_NAME = "$(TARGET_NAME)";
				TEST_HOST = "$(BUILT_PRODUCTS_DIR)/Bartimaeus.app/Bartimaeus";
			};
			name = Release;
		};
		CE735AF51CABC83D00571088 /* Debug */ = {
			isa = XCBuildConfiguration;
			buildSettings = {
				INFOPLIST_FILE = BartimaeusUITests/Info.plist;
				LD_RUNPATH_SEARCH_PATHS = "$(inherited) @executable_path/Frameworks @loader_path/Frameworks";
				PRODUCT_BUNDLE_IDENTIFIER = com.owl.Bartimaeus.BartimaeusUITests;
				PRODUCT_NAME = "$(TARGET_NAME)";
				TEST_TARGET_NAME = Bartimaeus;
			};
			name = Debug;
		};
		CE735AF61CABC83D00571088 /* Release */ = {
			isa = XCBuildConfiguration;
			buildSettings = {
				INFOPLIST_FILE = BartimaeusUITests/Info.plist;
				LD_RUNPATH_SEARCH_PATHS = "$(inherited) @executable_path/Frameworks @loader_path/Frameworks";
				PRODUCT_BUNDLE_IDENTIFIER = com.owl.Bartimaeus.BartimaeusUITests;
				PRODUCT_NAME = "$(TARGET_NAME)";
				TEST_TARGET_NAME = Bartimaeus;
			};
			name = Release;
		};
/* End XCBuildConfiguration section */

/* Begin XCConfigurationList section */
		CE735AC11CABC83C00571088 /* Build configuration list for PBXProject "Bartimaeus" */ = {
			isa = XCConfigurationList;
			buildConfigurations = (
				CE735AEC1CABC83D00571088 /* Debug */,
				CE735AED1CABC83D00571088 /* Release */,
			);
			defaultConfigurationIsVisible = 0;
			defaultConfigurationName = Release;
		};
		CE735AEE1CABC83D00571088 /* Build configuration list for PBXNativeTarget "Bartimaeus" */ = {
			isa = XCConfigurationList;
			buildConfigurations = (
				CE735AEF1CABC83D00571088 /* Debug */,
				CE735AF01CABC83D00571088 /* Release */,
			);
			defaultConfigurationIsVisible = 0;
		};
		CE735AF11CABC83D00571088 /* Build configuration list for PBXNativeTarget "BartimaeusTests" */ = {
			isa = XCConfigurationList;
			buildConfigurations = (
				CE735AF21CABC83D00571088 /* Debug */,
				CE735AF31CABC83D00571088 /* Release */,
			);
			defaultConfigurationIsVisible = 0;
		};
		CE735AF41CABC83D00571088 /* Build configuration list for PBXNativeTarget "BartimaeusUITests" */ = {
			isa = XCConfigurationList;
			buildConfigurations = (
				CE735AF51CABC83D00571088 /* Debug */,
				CE735AF61CABC83D00571088 /* Release */,
			);
			defaultConfigurationIsVisible = 0;
		};
/* End XCConfigurationList section */
	};
	rootObject = CE735ABE1CABC83C00571088 /* Project object */;
}
